
Microsoft Visual Studio Solution File, Format Version 12.00
# Visual Studio Version 17
VisualStudioVersion = 17.2.32505.173
MinimumVisualStudioVersion = 10.0.40219.1
Project("{FAE04EC0-301F-11D3-BF4B-00C04F79EFBC}") = "MyShopApi", "MyShopApi.csproj", "{50521C34-2D34-4BE2-94D3-CCBE932E5FB1}"
EndProject
Global
	GlobalSection(SolutionConfigurationPlatforms) = preSolution
		Debug|Any CPU = Debug|Any CPU
		Release|Any CPU = Release|Any CPU
	EndGlobalSection
	GlobalSection(ProjectConfigurationPlatforms) = postSolution
		{50521C34-2D34-4BE2-94D3-CCBE932E5FB1}.Debug|Any CPU.ActiveCfg = Debug|Any CPU
		{50521C34-2D34-4BE2-94D3-CCBE932E5FB1}.Debug|Any CPU.Build.0 = Debug|Any CPU
		{50521C34-2D34-4BE2-94D3-CCBE932E5FB1}.Release|Any CPU.ActiveCfg = Release|Any CPU
		{50521C34-2D34-4BE2-94D3-CCBE932E5FB1}.Release|Any CPU.Build.0 = Release|Any CPU
	EndGlobalSection
	GlobalSection(SolutionProperties) = preSolution
		HideSolutionNode = FALSE
	EndGlobalSection
	GlobalSection(ExtensibilityGlobals) = postSolution
		SolutionGuid = {A682FE4F-D97F-42A9-9DD7-0CF7B5C12DC1}
	EndGlobalSection
EndGlobal
